
Microsoft Visual Studio Solution File, Format Version 11.00
# Visual Studio 2010
Project("{2150E333-8FDC-42A3-9474-1A3956D46DE8}") = "Web", "Web", "{6772333D-655D-4C0F-A6B4-27E88A538AC6}"
EndProject
Project("{FAE04EC0-301F-11D3-BF4B-00C04F79EFBC}") = "StupidBirds.PinFang.WebUI", "StupidBirds.PinFang.WebUI\StupidBirds.PinFang.WebUI.csproj", "{71A462EF-6999-4809-B568-10561573F6BC}"
EndProject
Project("{FAE04EC0-301F-11D3-BF4B-00C04F79EFBC}") = "StupidBirds.PinFang.Controllers", "StupidBirds.PinFang.Controllers\StupidBirds.PinFang.Controllers.csproj", "{FE221AD2-3C3D-49C5-87AA-373568E36387}"
EndProject
Project("{FAE04EC0-301F-11D3-BF4B-00C04F79EFBC}") = "StupidBirds.PinFang.Models", "StupidBirds.PinFang.Models\StupidBirds.PinFang.Models.csproj", "{BDDE5384-86AB-4607-9FD9-3C4B438D2150}"
EndProject
Project("{2150E333-8FDC-42A3-9474-1A3956D46DE8}") = "Business", "Business", "{2341AA89-5442-479B-977A-65E5B3ABA0DA}"
EndProject
Project("{2150E333-8FDC-42A3-9474-1A3956D46DE8}") = "Data", "Data", "{600E3F76-9928-455C-838E-5CB1F2B25994}"
EndProject
Project("{FAE04EC0-301F-11D3-BF4B-00C04F79EFBC}") = "StupidBirds.PinFang.HomeLogic", "StupidBirds.PinFang.HomeLogic\StupidBirds.PinFang.HomeLogic.csproj", "{317A4898-C1E0-41AF-85B3-B2E09AEBF6A7}"
EndProject
Project("{FAE04EC0-301F-11D3-BF4B-00C04F79EFBC}") = "StupidBirds.PinFang.HomeDataAccess", "StupidBirds.PinFang.HomeDataAccess\StupidBirds.PinFang.HomeDataAccess.csproj", "{36FC701A-8E75-408B-82C4-7C3B9B8FA285}"
EndProject
Project("{2150E333-8FDC-42A3-9474-1A3956D46DE8}") = "Framework", "Framework", "{9EFEC880-521D-49FA-87F9-165D4CA3248E}"
EndProject
Project("{FAE04EC0-301F-11D3-BF4B-00C04F79EFBC}") = "StupidBirds.PinFang.Framwork", "StupidBirds.PinFang.Framwork\StupidBirds.PinFang.Framwork.csproj", "{E68F0098-4FBA-4989-B92F-C0CE4874F02D}"
EndProject
Project("{2150E333-8FDC-42A3-9474-1A3956D46DE8}") = "IPin", "IPin", "{75147152-5C0B-4170-B235-B92D8E1B3D40}"
EndProject
Global
	GlobalSection(SolutionConfigurationPlatforms) = preSolution
		Debug|Any CPU = Debug|Any CPU
		Release|Any CPU = Release|Any CPU
	EndGlobalSection
	GlobalSection(ProjectConfigurationPlatforms) = postSolution
		{71A462EF-6999-4809-B568-10561573F6BC}.Debug|Any CPU.ActiveCfg = Debug|Any CPU
		{71A462EF-6999-4809-B568-10561573F6BC}.Debug|Any CPU.Build.0 = Debug|Any CPU
		{71A462EF-6999-4809-B568-10561573F6BC}.Release|Any CPU.ActiveCfg = Release|Any CPU
		{71A462EF-6999-4809-B568-10561573F6BC}.Release|Any CPU.Build.0 = Release|Any CPU
		{FE221AD2-3C3D-49C5-87AA-373568E36387}.Debug|Any CPU.ActiveCfg = Debug|Any CPU
		{FE221AD2-3C3D-49C5-87AA-373568E36387}.Debug|Any CPU.Build.0 = Debug|Any CPU
		{FE221AD2-3C3D-49C5-87AA-373568E36387}.Release|Any CPU.ActiveCfg = Release|Any CPU
		{FE221AD2-3C3D-49C5-87AA-373568E36387}.Release|Any CPU.Build.0 = Release|Any CPU
		{BDDE5384-86AB-4607-9FD9-3C4B438D2150}.Debug|Any CPU.ActiveCfg = Debug|Any CPU
		{BDDE5384-86AB-4607-9FD9-3C4B438D2150}.Debug|Any CPU.Build.0 = Debug|Any CPU
		{BDDE5384-86AB-4607-9FD9-3C4B438D2150}.Release|Any CPU.ActiveCfg = Release|Any CPU
		{BDDE5384-86AB-4607-9FD9-3C4B438D2150}.Release|Any CPU.Build.0 = Release|Any CPU
		{317A4898-C1E0-41AF-85B3-B2E09AEBF6A7}.Debug|Any CPU.ActiveCfg = Debug|Any CPU
		{317A4898-C1E0-41AF-85B3-B2E09AEBF6A7}.Debug|Any CPU.Build.0 = Debug|Any CPU
		{317A4898-C1E0-41AF-85B3-B2E09AEBF6A7}.Release|Any CPU.ActiveCfg = Release|Any CPU
		{317A4898-C1E0-41AF-85B3-B2E09AEBF6A7}.Release|Any CPU.Build.0 = Release|Any CPU
		{36FC701A-8E75-408B-82C4-7C3B9B8FA285}.Debug|Any CPU.ActiveCfg = Debug|Any CPU
		{36FC701A-8E75-408B-82C4-7C3B9B8FA285}.Debug|Any CPU.Build.0 = Debug|Any CPU
		{36FC701A-8E75-408B-82C4-7C3B9B8FA285}.Release|Any CPU.ActiveCfg = Release|Any CPU
		{36FC701A-8E75-408B-82C4-7C3B9B8FA285}.Release|Any CPU.Build.0 = Release|Any CPU
		{E68F0098-4FBA-4989-B92F-C0CE4874F02D}.Debug|Any CPU.ActiveCfg = Debug|Any CPU
		{E68F0098-4FBA-4989-B92F-C0CE4874F02D}.Debug|Any CPU.Build.0 = Debug|Any CPU
		{E68F0098-4FBA-4989-B92F-C0CE4874F02D}.Release|Any CPU.ActiveCfg = Release|Any CPU
		{E68F0098-4FBA-4989-B92F-C0CE4874F02D}.Release|Any CPU.Build.0 = Release|Any CPU
	EndGlobalSection
	GlobalSection(SolutionProperties) = preSolution
		HideSolutionNode = FALSE
	EndGlobalSection
	GlobalSection(NestedProjects) = preSolution
		{71A462EF-6999-4809-B568-10561573F6BC} = {6772333D-655D-4C0F-A6B4-27E88A538AC6}
		{FE221AD2-3C3D-49C5-87AA-373568E36387} = {6772333D-655D-4C0F-A6B4-27E88A538AC6}
		{BDDE5384-86AB-4607-9FD9-3C4B438D2150} = {6772333D-655D-4C0F-A6B4-27E88A538AC6}
		{317A4898-C1E0-41AF-85B3-B2E09AEBF6A7} = {2341AA89-5442-479B-977A-65E5B3ABA0DA}
		{36FC701A-8E75-408B-82C4-7C3B9B8FA285} = {600E3F76-9928-455C-838E-5CB1F2B25994}
		{E68F0098-4FBA-4989-B92F-C0CE4874F02D} = {9EFEC880-521D-49FA-87F9-165D4CA3248E}
	EndGlobalSection
EndGlobal
