
Microsoft Visual Studio Solution File, Format Version 11.00
# Visual Studio 2010
Project("{2150E333-8FDC-42A3-9474-1A3956D46DE8}") = "Web", "Web", "{6772333D-655D-4C0F-A6B4-27E88A538AC6}"
EndProject
Project("{FAE04EC0-301F-11D3-BF4B-00C04F79EFBC}") = "StupidBirds.PinFang.WebUI", "StupidBirds.PinFang.WebUI\StupidBirds.PinFang.WebUI.csproj", "{71A462EF-6999-4809-B568-10561573F6BC}"
EndProject
Project("{FAE04EC0-301F-11D3-BF4B-00C04F79EFBC}") = "StupidBirds.PinFang.Controllers", "StupidBirds.PinFang.Controllers\StupidBirds.PinFang.Controllers.csproj", "{FE221AD2-3C3D-49C5-87AA-373568E36387}"
EndProject
Project("{FAE04EC0-301F-11D3-BF4B-00C04F79EFBC}") = "StupidBirds.PinFang.Models", "StupidBirds.PinFang.Models\StupidBirds.PinFang.Models.csproj", "{BDDE5384-86AB-4607-9FD9-3C4B438D2150}"
EndProject
Project("{2150E333-8FDC-42A3-9474-1A3956D46DE8}") = "Business", "Business", "{2341AA89-5442-479B-977A-65E5B3ABA0DA}"
EndProject
Project("{2150E333-8FDC-42A3-9474-1A3956D46DE8}") = "Data", "Data", "{600E3F76-9928-455C-838E-5CB1F2B25994}"
EndProject
Project("{FAE04EC0-301F-11D3-BF4B-00C04F79EFBC}") = "StupidBirds.PinFang.HomeLogic", "StupidBirds.PinFang.HomeLogic\StupidBirds.PinFang.HomeLogic.csproj", "{317A4898-C1E0-41AF-85B3-B2E09AEBF6A7}"
EndProject
Project("{FAE04EC0-301F-11D3-BF4B-00C04F79EFBC}") = "StupidBirds.PinFang.HomeDataAccess", "StupidBirds.PinFang.HomeDataAccess\StupidBirds.PinFang.HomeDataAccess.csproj", "{36FC701A-8E75-408B-82C4-7C3B9B8FA285}"
EndProject
Project("{2150E333-8FDC-42A3-9474-1A3956D46DE8}") = "Framework", "Framework", "{9EFEC880-521D-49FA-87F9-165D4CA3248E}"
EndProject
Project("{FAE04EC0-301F-11D3-BF4B-00C04F79EFBC}") = "StupidBirds.PinFang.Framwork", "StupidBirds.PinFang.Framwork\StupidBirds.PinFang.Framwork.csproj", "{E68F0098-4FBA-4989-B92F-C0CE4874F02D}"
EndProject
Project("{2150E333-8FDC-42A3-9474-1A3956D46DE8}") = "IPin", "IPin", "{75147152-5C0B-4170-B235-B92D8E1B3D40}"
EndProject
Project("{FAE04EC0-301F-11D3-BF4B-00C04F79EFBC}") = "StupidBirds.IPin.PinFang.WebUI", "StupidBirds.IPin.PinFang.WebUI\StupidBirds.IPin.PinFang.WebUI.csproj", "{7C92F3E6-D08A-4130-A20F-1394EA32AAA0}"
EndProject
Project("{FAE04EC0-301F-11D3-BF4B-00C04F79EFBC}") = "StupidBirds.IPin.PinFang.Controller", "StupidBirds.IPin.PinFang.Controller\StupidBirds.IPin.PinFang.Controller.csproj", "{F5AB8094-586E-42CA-A133-1E60CF3016FB}"
EndProject
Project("{FAE04EC0-301F-11D3-BF4B-00C04F79EFBC}") = "StupidBirds.IPin.PinFang.Model", "StupidBirds.IPin.PinFang.Model\StupidBirds.IPin.PinFang.Model.csproj", "{148E7A6C-D8AE-4018-A778-49B9F99917BD}"
EndProject
Project("{2150E333-8FDC-42A3-9474-1A3956D46DE8}") = "Web", "Web", "{147C07CC-B124-4C90-8608-709AB44403D8}"
EndProject
Project("{FAE04EC0-301F-11D3-BF4B-00C04F79EFBC}") = "StupidBirds.IPin.PinFang.Entity", "StupidBirds.IPin.PinFang.Entity\StupidBirds.IPin.PinFang.Entity.csproj", "{8E7A0523-E9F6-44D1-808D-26FCFB2B682F}"
EndProject
Project("{FAE04EC0-301F-11D3-BF4B-00C04F79EFBC}") = "StupidBirds.IPin.PinFang.DataAccess", "StupidBirds.IPin.PinFang.DataAccess\StupidBirds.IPin.PinFang.DataAccess.csproj", "{E2CCA8C4-33F3-44F4-A52E-B69147E932B0}"
EndProject
Project("{FAE04EC0-301F-11D3-BF4B-00C04F79EFBC}") = "StupidBirds.IPin.PinFang.Business", "StupidBirds.IPin.PinFang.Business\StupidBirds.IPin.PinFang.Business.csproj", "{96DBECC3-0D80-48FA-915E-31897CC7FCD1}"
EndProject
Project("{FAE04EC0-301F-11D3-BF4B-00C04F79EFBC}") = "StupidBirds.IPin.PinFang.Framework", "StupidBirds.IPin.PinFang.Framework\StupidBirds.IPin.PinFang.Framework.csproj", "{0FE7B8A9-236C-45BF-AC85-BC3CD57AEE5B}"
EndProject
Project("{2150E333-8FDC-42A3-9474-1A3956D46DE8}") = "Study", "Study", "{CB712176-8B79-4A48-8B2C-D78DCC06F0A1}"
Project("{FAE04EC0-301F-11D3-BF4B-00C04F79EFBC}") = "StupidBirds.PinFang.Entities", "StupidBirds.PinFang.Entities\StupidBirds.PinFang.Entities.csproj", "{AC299251-F4D4-40E2-B56B-04C29952BC95}"
EndProject
Project("{2150E333-8FDC-42A3-9474-1A3956D46DE8}") = "Framework", "Framework", "{B8B0C521-694E-4469-BD66-48ACBDDF3C2F}"
EndProject
Project("{FAE04EC0-301F-11D3-BF4B-00C04F79EFBC}") = "StupidBirds.Framework", "StupidBirds.Framework\StupidBirds.Framework.csproj", "{0017AAD5-8770-409C-B1EE-E0B88654A833}"
EndProject
Global
	GlobalSection(SolutionConfigurationPlatforms) = preSolution
		Debug|Any CPU = Debug|Any CPU
		Release|Any CPU = Release|Any CPU
	EndGlobalSection
	GlobalSection(ProjectConfigurationPlatforms) = postSolution
		{71A462EF-6999-4809-B568-10561573F6BC}.Debug|Any CPU.ActiveCfg = Debug|Any CPU
		{71A462EF-6999-4809-B568-10561573F6BC}.Debug|Any CPU.Build.0 = Debug|Any CPU
		{71A462EF-6999-4809-B568-10561573F6BC}.Release|Any CPU.ActiveCfg = Release|Any CPU
		{71A462EF-6999-4809-B568-10561573F6BC}.Release|Any CPU.Build.0 = Release|Any CPU
		{FE221AD2-3C3D-49C5-87AA-373568E36387}.Debug|Any CPU.ActiveCfg = Debug|Any CPU
		{FE221AD2-3C3D-49C5-87AA-373568E36387}.Debug|Any CPU.Build.0 = Debug|Any CPU
		{FE221AD2-3C3D-49C5-87AA-373568E36387}.Release|Any CPU.ActiveCfg = Release|Any CPU
		{FE221AD2-3C3D-49C5-87AA-373568E36387}.Release|Any CPU.Build.0 = Release|Any CPU
		{BDDE5384-86AB-4607-9FD9-3C4B438D2150}.Debug|Any CPU.ActiveCfg = Debug|Any CPU
		{BDDE5384-86AB-4607-9FD9-3C4B438D2150}.Debug|Any CPU.Build.0 = Debug|Any CPU
		{BDDE5384-86AB-4607-9FD9-3C4B438D2150}.Release|Any CPU.ActiveCfg = Release|Any CPU
		{BDDE5384-86AB-4607-9FD9-3C4B438D2150}.Release|Any CPU.Build.0 = Release|Any CPU
		{317A4898-C1E0-41AF-85B3-B2E09AEBF6A7}.Debug|Any CPU.ActiveCfg = Debug|Any CPU
		{317A4898-C1E0-41AF-85B3-B2E09AEBF6A7}.Debug|Any CPU.Build.0 = Debug|Any CPU
		{317A4898-C1E0-41AF-85B3-B2E09AEBF6A7}.Release|Any CPU.ActiveCfg = Release|Any CPU
		{317A4898-C1E0-41AF-85B3-B2E09AEBF6A7}.Release|Any CPU.Build.0 = Release|Any CPU
		{36FC701A-8E75-408B-82C4-7C3B9B8FA285}.Debug|Any CPU.ActiveCfg = Debug|Any CPU
		{36FC701A-8E75-408B-82C4-7C3B9B8FA285}.Debug|Any CPU.Build.0 = Debug|Any CPU
		{36FC701A-8E75-408B-82C4-7C3B9B8FA285}.Release|Any CPU.ActiveCfg = Release|Any CPU
		{36FC701A-8E75-408B-82C4-7C3B9B8FA285}.Release|Any CPU.Build.0 = Release|Any CPU
		{E68F0098-4FBA-4989-B92F-C0CE4874F02D}.Debug|Any CPU.ActiveCfg = Debug|Any CPU
		{E68F0098-4FBA-4989-B92F-C0CE4874F02D}.Debug|Any CPU.Build.0 = Debug|Any CPU
		{E68F0098-4FBA-4989-B92F-C0CE4874F02D}.Release|Any CPU.ActiveCfg = Release|Any CPU
		{E68F0098-4FBA-4989-B92F-C0CE4874F02D}.Release|Any CPU.Build.0 = Release|Any CPU
		{7C92F3E6-D08A-4130-A20F-1394EA32AAA0}.Debug|Any CPU.ActiveCfg = Debug|Any CPU
		{7C92F3E6-D08A-4130-A20F-1394EA32AAA0}.Debug|Any CPU.Build.0 = Debug|Any CPU
		{7C92F3E6-D08A-4130-A20F-1394EA32AAA0}.Release|Any CPU.ActiveCfg = Release|Any CPU
		{7C92F3E6-D08A-4130-A20F-1394EA32AAA0}.Release|Any CPU.Build.0 = Release|Any CPU
		{F5AB8094-586E-42CA-A133-1E60CF3016FB}.Debug|Any CPU.ActiveCfg = Debug|Any CPU
		{F5AB8094-586E-42CA-A133-1E60CF3016FB}.Debug|Any CPU.Build.0 = Debug|Any CPU
		{F5AB8094-586E-42CA-A133-1E60CF3016FB}.Release|Any CPU.ActiveCfg = Release|Any CPU
		{F5AB8094-586E-42CA-A133-1E60CF3016FB}.Release|Any CPU.Build.0 = Release|Any CPU
		{148E7A6C-D8AE-4018-A778-49B9F99917BD}.Debug|Any CPU.ActiveCfg = Debug|Any CPU
		{148E7A6C-D8AE-4018-A778-49B9F99917BD}.Debug|Any CPU.Build.0 = Debug|Any CPU
		{148E7A6C-D8AE-4018-A778-49B9F99917BD}.Release|Any CPU.ActiveCfg = Release|Any CPU
		{148E7A6C-D8AE-4018-A778-49B9F99917BD}.Release|Any CPU.Build.0 = Release|Any CPU
		{8E7A0523-E9F6-44D1-808D-26FCFB2B682F}.Debug|Any CPU.ActiveCfg = Debug|Any CPU
		{8E7A0523-E9F6-44D1-808D-26FCFB2B682F}.Debug|Any CPU.Build.0 = Debug|Any CPU
		{8E7A0523-E9F6-44D1-808D-26FCFB2B682F}.Release|Any CPU.ActiveCfg = Release|Any CPU
		{8E7A0523-E9F6-44D1-808D-26FCFB2B682F}.Release|Any CPU.Build.0 = Release|Any CPU
		{E2CCA8C4-33F3-44F4-A52E-B69147E932B0}.Debug|Any CPU.ActiveCfg = Debug|Any CPU
		{E2CCA8C4-33F3-44F4-A52E-B69147E932B0}.Debug|Any CPU.Build.0 = Debug|Any CPU
		{E2CCA8C4-33F3-44F4-A52E-B69147E932B0}.Release|Any CPU.ActiveCfg = Release|Any CPU
		{E2CCA8C4-33F3-44F4-A52E-B69147E932B0}.Release|Any CPU.Build.0 = Release|Any CPU
		{96DBECC3-0D80-48FA-915E-31897CC7FCD1}.Debug|Any CPU.ActiveCfg = Debug|Any CPU
		{96DBECC3-0D80-48FA-915E-31897CC7FCD1}.Debug|Any CPU.Build.0 = Debug|Any CPU
		{96DBECC3-0D80-48FA-915E-31897CC7FCD1}.Release|Any CPU.ActiveCfg = Release|Any CPU
		{96DBECC3-0D80-48FA-915E-31897CC7FCD1}.Release|Any CPU.Build.0 = Release|Any CPU
		{0FE7B8A9-236C-45BF-AC85-BC3CD57AEE5B}.Debug|Any CPU.ActiveCfg = Debug|Any CPU
		{0FE7B8A9-236C-45BF-AC85-BC3CD57AEE5B}.Debug|Any CPU.Build.0 = Debug|Any CPU
		{0FE7B8A9-236C-45BF-AC85-BC3CD57AEE5B}.Release|Any CPU.ActiveCfg = Release|Any CPU
		{0FE7B8A9-236C-45BF-AC85-BC3CD57AEE5B}.Release|Any CPU.Build.0 = Release|Any CPU
		{AC299251-F4D4-40E2-B56B-04C29952BC95}.Debug|Any CPU.ActiveCfg = Debug|Any CPU
		{AC299251-F4D4-40E2-B56B-04C29952BC95}.Debug|Any CPU.Build.0 = Debug|Any CPU
		{AC299251-F4D4-40E2-B56B-04C29952BC95}.Release|Any CPU.ActiveCfg = Release|Any CPU
		{AC299251-F4D4-40E2-B56B-04C29952BC95}.Release|Any CPU.Build.0 = Release|Any CPU
		{0017AAD5-8770-409C-B1EE-E0B88654A833}.Debug|Any CPU.ActiveCfg = Debug|Any CPU
		{0017AAD5-8770-409C-B1EE-E0B88654A833}.Debug|Any CPU.Build.0 = Debug|Any CPU
		{0017AAD5-8770-409C-B1EE-E0B88654A833}.Release|Any CPU.ActiveCfg = Release|Any CPU
		{0017AAD5-8770-409C-B1EE-E0B88654A833}.Release|Any CPU.Build.0 = Release|Any CPU
	EndGlobalSection
	GlobalSection(SolutionProperties) = preSolution
		HideSolutionNode = FALSE
	EndGlobalSection
	GlobalSection(NestedProjects) = preSolution
		{6772333D-655D-4C0F-A6B4-27E88A538AC6} = {CB712176-8B79-4A48-8B2C-D78DCC06F0A1}
		{2341AA89-5442-479B-977A-65E5B3ABA0DA} = {CB712176-8B79-4A48-8B2C-D78DCC06F0A1}
		{600E3F76-9928-455C-838E-5CB1F2B25994} = {CB712176-8B79-4A48-8B2C-D78DCC06F0A1}
		{9EFEC880-521D-49FA-87F9-165D4CA3248E} = {CB712176-8B79-4A48-8B2C-D78DCC06F0A1}
		{FE221AD2-3C3D-49C5-87AA-373568E36387} = {6772333D-655D-4C0F-A6B4-27E88A538AC6}
		{BDDE5384-86AB-4607-9FD9-3C4B438D2150} = {6772333D-655D-4C0F-A6B4-27E88A538AC6}
		{71A462EF-6999-4809-B568-10561573F6BC} = {6772333D-655D-4C0F-A6B4-27E88A538AC6}
		{317A4898-C1E0-41AF-85B3-B2E09AEBF6A7} = {2341AA89-5442-479B-977A-65E5B3ABA0DA}
		{36FC701A-8E75-408B-82C4-7C3B9B8FA285} = {600E3F76-9928-455C-838E-5CB1F2B25994}
		{AC299251-F4D4-40E2-B56B-04C29952BC95} = {600E3F76-9928-455C-838E-5CB1F2B25994}
		{E68F0098-4FBA-4989-B92F-C0CE4874F02D} = {9EFEC880-521D-49FA-87F9-165D4CA3248E}
		{147C07CC-B124-4C90-8608-709AB44403D8} = {75147152-5C0B-4170-B235-B92D8E1B3D40}
		{8E7A0523-E9F6-44D1-808D-26FCFB2B682F} = {75147152-5C0B-4170-B235-B92D8E1B3D40}
		{E2CCA8C4-33F3-44F4-A52E-B69147E932B0} = {75147152-5C0B-4170-B235-B92D8E1B3D40}
		{96DBECC3-0D80-48FA-915E-31897CC7FCD1} = {75147152-5C0B-4170-B235-B92D8E1B3D40}
		{0FE7B8A9-236C-45BF-AC85-BC3CD57AEE5B} = {75147152-5C0B-4170-B235-B92D8E1B3D40}
		{F5AB8094-586E-42CA-A133-1E60CF3016FB} = {147C07CC-B124-4C90-8608-709AB44403D8}
		{148E7A6C-D8AE-4018-A778-49B9F99917BD} = {147C07CC-B124-4C90-8608-709AB44403D8}
		{7C92F3E6-D08A-4130-A20F-1394EA32AAA0} = {147C07CC-B124-4C90-8608-709AB44403D8}
		{0017AAD5-8770-409C-B1EE-E0B88654A833} = {B8B0C521-694E-4469-BD66-48ACBDDF3C2F}
	EndGlobalSection
EndGlobal
